
Microsoft Visual Studio Solution File, Format Version 12.00
# Visual Studio Version 17
VisualStudioVersion = 17.4.33205.214
MinimumVisualStudioVersion = 10.0.40219.1
Project("{FAE04EC0-301F-11D3-BF4B-00C04F79EFBC}") = "Wordpad", "Wordpad\Wordpad.csproj", "{A2593716-482B-4DE3-A245-36321C80D1EE}"
EndProject
Global
	GlobalSection(SolutionConfigurationPlatforms) = preSolution
		Debug|Any CPU = Debug|Any CPU
		Release|Any CPU = Release|Any CPU
	EndGlobalSection
	GlobalSection(ProjectConfigurationPlatforms) = postSolution
		{A2593716-482B-4DE3-A245-36321C80D1EE}.Debug|Any CPU.ActiveCfg = Debug|Any CPU
		{A2593716-482B-4DE3-A245-36321C80D1EE}.Debug|Any CPU.Build.0 = Debug|Any CPU
		{A2593716-482B-4DE3-A245-36321C80D1EE}.Release|Any CPU.ActiveCfg = Release|Any CPU
		{A2593716-482B-4DE3-A245-36321C80D1EE}.Release|Any CPU.Build.0 = Release|Any CPU
	EndGlobalSection
	GlobalSection(SolutionProperties) = preSolution
		HideSolutionNode = FALSE
	EndGlobalSection
	GlobalSection(ExtensibilityGlobals) = postSolution
		SolutionGuid = {AFA0D9F9-C3EE-4721-A13D-76E4AFE1E635}
	EndGlobalSection
EndGlobal
